version = 1
revision = 3
requires-python = ">=3.11, <3.14"

[[package]]
name = "certifi"
version = "2026.7.22"
source = { registry = "https://pypi.org/simple" }
sdist = { url = "https://files.pythonhosted.org/packages/a3/c2/24167ea9858356b47a87a50d39908bfdb72ceeefe0041586e704e5376b3a/certifi-2026.7.22.tar.gz", hash = "sha256:741e2c3b351ddf169a738da9f2c048608ff7f2c5cc02f1ebc6b118bb090d5d55", size = 138112, upload-time = "2026-07-22T03:35:12.644Z" }
wheels = [
    { url = "https://files.pythonhosted.org/packages/0b/a7/71ac2cff56fec219ed242bb11b8efb69fcc4bec75db06fb7bfe35de520e6/certifi-2026.7.22-py3-none-any.whl", hash = "sha256:62f22742b58a1a33014a2b6b706588a8d7e2a88ae7bd1a6ebe8c992928483775", size = 136983, upload-time = "2026-07-22T03:35:11.276Z" },
]

[[package]]
name = "charset-normalizer"
version = "3.5.1"
source = { registry = "https://pypi.org/simple" }
sdist = { url = "https://files.pythonhosted.org/packages/e5/3f/143b048436775b0f76ac3eec145c019e8173ccc2885c8f20319b996d5e83/charset_normalizer-3.5.1.tar.gz", hash = "sha256:6117b84ea48435e5356dc737f5121485c30920ba43375fa7b434fd753df0eac3", size = 171764, upload-time = "2026-08-15T08:20:44.807Z" }
wheels = [
    { url = "https://files.pythonhosted.org/packages/6a/b6/034f6802e9c3f6418966cfabb7db8c9252cc2429c5098f41cc43af804149/charset_normalizer-3.5.1-cp311-cp311-macosx_10_9_universal2.whl", hash = "sha256:eda059b6bc8bc0812d626fd91a7ce01bf583df0a61296eff390fd94141a34e30", size = 363585, upload-time = "2026-08-15T08:16:46.646Z" },
    { url = "https://files.pythonhosted.org/packages/d5/fa/6a7e2a7c4b5451912b8c417732df79574354443592a88d616de03da66ae5/charset_normalizer-3.5.1-cp311-cp311-manylinux2014_aarch64.manylinux_2_17_aarch64.manylinux_2_28_aarch64.whl", hash = "sha256:aa2bb0b37202dca27175591f761108b5d34096ade1191ffe4808bdf6b1571488", size = 251189, upload-time = "2026-08-15T08:16:48.287Z" },
    { url = "https://files.pythonhosted.org/packages/a4/c8/ab42b07cfd82e919f427fcfaa7c41abae8242833ad1aad66d42bae40b669/charset_normalizer-3.5.1-cp311-cp311-manylinux2014_armv7l.manylinux_2_17_armv7l.manylinux_2_31_armv7l.whl", hash = "sha256:0b2b1b3fa5670c127b246df1d0c059defd41f689a868a3b9d79df9b1cac42d22", size = 239724, upload-time = "2026-08-15T08:16:49.67Z" },
    { url = "https://files.pythonhosted.org/packages/e7/80/b9348b5d3041209f98b4cdad7655766369233f1d533f4f4f7558e9717bec/charset_normalizer-3.5.1-cp311-cp311-manylinux2014_ppc64le.manylinux_2_17_ppc64le.manylinux_2_28_ppc64le.whl", hash = "sha256:6e5e4d73d588ca5ed09df1b7dcd1b203d1df3c542e3f50d126c947d432b10731", size = 280078, upload-time = "2026-08-15T08:16:51.228Z" },
    { url = "https://files.pythonhosted.org/packages/82/38/083a24028304bc85bb9e376fed801178423dcbb67495f73b6ea0624e1894/charset_normalizer-3.5.1-cp311-cp311-manylinux2014_s390x.manylinux_2_17_s390x.manylinux_2_28_s390x.whl", hash = "sha256:b54e7e13267d49ffbfe68e25b3cbd774dab38fa37238f71265e91b36146eb21c", size = 276650, upload-time = "2026-08-15T08:16:52.625Z" },
    { url = "https://files.pythonhosted.org/packages/0d/35/731ac04aa0a097fc1c97f0994c375bdb230c6c96619db794208fe664e9ce/charset_normalizer-3.5.1-cp311-cp311-manylinux2014_x86_64.manylinux_2_17_x86_64.manylinux_2_28_x86_64.whl", hash = "sha256:c7b742bf31c88566b4bb6335a7f393bb322e580b6bb98df7bd0c25e6e3519ce8", size = 262325, upload-time = "2026-08-15T08:16:54.085Z" },
    { url = "https://files.pythonhosted.org/packages/f5/28/c2028e7021fb89c6e56868ed0e387b8e9aa811abdd2ab3208d6578d2c930/charset_normalizer-3.5.1-cp311-cp311-manylinux_2_31_riscv64.manylinux_2_39_riscv64.whl", hash = "sha256:6ba32c4d2abf1d2fe7cf27d280f4cca5664233b0f885549c7761719eb977f486", size = 261140, upload-time = "2026-08-15T08:16:55.604Z" },
    { url = "https://files.pythonhosted.org/packages/28/f0/0c0ceec6d98b7daa62e361e418135d59685811d79ba11529aad5cdf15e84/charset_normalizer-3.5.1-cp311-cp311-musllinux_1_2_aarch64.whl", hash = "sha256:0722590aabf9dc6a6c0343d523c05458fa2b5047dbe6302fd526bb570600753f", size = 252791, upload-time = "2026-08-15T08:16:57.103Z" },
    { url = "https://files.pythonhosted.org/packages/f0/3e/48f4cd187b1c33189d86039e9cbe4f92c05454175504b44ff81806d4d1bf/charset_normalizer-3.5.1-cp311-cp311-musllinux_1_2_armv7l.whl", hash = "sha256:aa1099b956fb795e686d073568f6dc002a0bb89765ea6d5b055dd7d9bf1b116c", size = 240730, upload-time = "2026-08-15T08:16:58.418Z" },
    { url = "https://files.pythonhosted.org/packages/42/85/f9e22af69af67c54cce42be9455d9c81294f918b4ccc454db01f66efcac2/charset_normalizer-3.5.1-cp311-cp311-musllinux_1_2_ppc64le.whl", hash = "sha256:bd6c173f04743d483881bffa1478d5a4624475b8cd1d2194956a75548e191c18", size = 280791, upload-time = "2026-08-15T08:16:59.918Z" },
    { url = "https://files.pythonhosted.org/packages/fd/4c/9044135f42127630b6fa742feb51256353f6ab87a78f2fdd1de3de955a7f/charset_normalizer-3.5.1-cp311-cp311-musllinux_1_2_riscv64.whl", hash = "sha256:f298e218441525d3794428b4c8b8fb8662c6d3ea79925d4807ee6b9a96a3bca5", size = 259598, upload-time = "2026-08-15T08:17:01.421Z" },
    { url = "https://files.pythonhosted.org/packages/ba/ed/1dd7cfebb4e75812934c49ca3b79757d11948053f7937ab7070c151f3c55/charset_normalizer-3.5.1-cp311-cp311-musllinux_1_2_s390x.whl", hash = "sha256:6e2912d4babbc65196ac13c2f53468dc57fb8b9c25ef913e8c59ddf7c6dc0e1b", size = 278217, upload-time = "2026-08-15T08:17:02.782Z" },
    { url = "https://files.pythonhosted.org/packages/bf/eb/239c84503cc9e3ba6eb34686a24bc66e84f3924efdd7e38e751a19f6bc10/charset_normalizer-3.5.1-cp311-cp311-musllinux_1_2_x86_64.whl", hash = "sha256:3d27167433c0d5f18dc850f07d0b3816221984fecdc405d6c157a6f0b8f8e9e6", size = 263417, upload-time = "2026-08-15T08:17:04.216Z" },
    { url = "https://files.pythonhosted.org/packages/37/ab/4e4510e1e288478e2c8333131d1c1382382ba8cd2165053c79e39d1da961/charset_normalizer-3.5.1-cp311-cp311-win32.whl", hash = "sha256:ac00177c4831ffa650f8609e4bdddd5fe09c03b1c0c47acece7e6ea20421598b", size = 181774, upload-time = "2026-08-15T08:17:05.58Z" },
    { url = "https://files.pythonhosted.org/packages/e3/57/32f0ccea59e8612057c61d6fd22ef2cb63cca93c9fe594094919696ac170/charset_normalizer-3.5.1-cp311-cp311-win_amd64.whl", hash = "sha256:f9b1e28d0e8dbfa858abdba91d6b547beaf2df1a59bec6da6faae7b96a4991a9", size = 206653, upload-time = "2026-08-15T08:17:07.075Z" },
    { url = "https://files.pythonhosted.org/packages/17/d4/b65c433fc521e58b5f54293982a5e51c05cb5f2dd3f1c7a6acb65b75324e/charset_normalizer-3.5.1-cp311-cp311-win_arm64.whl", hash = "sha256:ae31a1a1db2ee6cc2942fccaf695c934bc7f3db9f2133a3fef1f367cf1a4ab10", size = 185630, upload-time = "2026-08-15T08:17:08.502Z" },
    { url = "https://files.pythonhosted.org/packages/30/27/78873dc8b6a56357517b74b6bb9568b80450e7bb4f6ef7e3fa9d22aa0bd7/charset_normalizer-3.5.1-cp312-cp312-macosx_10_13_universal2.whl", hash = "sha256:5b6d1386bf0096d26d3a863dc0a487a5b4eb9aa93cf5ba69683d29dde6b9d60f", size = 344456, upload-time = "2026-08-15T08:17:10.072Z" },
    { url = "https://files.pythonhosted.org/packages/9a/4c/be49ada26b1f0232d57aa89bbebf997a5cc2332a5616b6eca26ff680044d/charset_normalizer-3.5.1-cp312-cp312-manylinux2014_aarch64.manylinux_2_17_aarch64.manylinux_2_28_aarch64.whl", hash = "sha256:4582c27e8c889d64811987b5967fbd3ae0c823fe1fd933b543d55ac20bb475fa", size = 238530, upload-time = "2026-08-15T08:17:11.563Z" },
    { url = "https://files.pythonhosted.org/packages/76/84/6f1290fa07ae6978d3960caa3eb1b8019bf9284ab7c2297b00c099ef4250/charset_normalizer-3.5.1-cp312-cp312-manylinux2014_armv7l.manylinux_2_17_armv7l.manylinux_2_31_armv7l.whl", hash = "sha256:1d1c7a53a6c2103925cdd6d7229f8c567379f211c869793df679f2e9f738c369", size = 230200, upload-time = "2026-08-15T08:17:12.919Z" },
    { url = "https://files.pythonhosted.org/packages/e7/a0/47b18adeed31c8f16ba9700f32c1b18594cfa09f47eb672a488c273c22bf/charset_normalizer-3.5.1-cp312-cp312-manylinux2014_ppc64le.manylinux_2_17_ppc64le.manylinux_2_28_ppc64le.whl", hash = "sha256:e6621fb2a4988d6e53eedc455e5903e2679f3967b8acb3d639f1b63c14a2e893", size = 262222, upload-time = "2026-08-15T08:17:14.571Z" },
    { url = "https://files.pythonhosted.org/packages/38/fe/341861ac118dae06f3ec0eb487488af52128f2ef2faf0b11003944d22259/charset_normalizer-3.5.1-cp312-cp312-manylinux2014_s390x.manylinux_2_17_s390x.manylinux_2_28_s390x.whl", hash = "sha256:7c0c10730342b0c9b35dd1d619beb8214e520bd96a1f870f452680b238aab3e0", size = 258951, upload-time = "2026-08-15T08:17:16.158Z" },
    { url = "https://files.pythonhosted.org/packages/6f/89/bb5108dc6c3651dca963f2b0a3ba19bbcb370c94e1b6d3e0e844a58e6dca/charset_normalizer-3.5.1-cp312-cp312-manylinux2014_x86_64.manylinux_2_17_x86_64.manylinux_2_28_x86_64.whl", hash = "sha256:b9af956078716df40d985fb0dfeb2c2120c5ca92ba4ff4b388acfd01cdc14d08", size = 248801, upload-time = "2026-08-15T08:17:17.683Z" },
    { url = "https://files.pythonhosted.org/packages/b1/ba/ef83ae3aca816393decfa3530976f38a79812d707b80b580ac33b83f9877/charset_normalizer-3.5.1-cp312-cp312-manylinux_2_31_riscv64.manylinux_2_39_riscv64.whl", hash = "sha256:f9f8405c2c758532c74fed975dbee57be1f31a6e865c031870c79a6ed3212ada", size = 244070, upload-time = "2026-08-15T08:17:19.191Z" },
    { url = "https://files.pythonhosted.org/packages/f6/0b/c5292a2462d69b7378ea89793bbb5b2b6fcf6f7dd6d1667f9619094ad553/charset_normalizer-3.5.1-cp312-cp312-musllinux_1_2_aarch64.whl", hash = "sha256:96fef3e886d6a9874b14f27fc193fbdc69d5d8035783d86aa4e1cea594e695f9", size = 240110, upload-time = "2026-08-15T08:17:20.547Z" },
    { url = "https://files.pythonhosted.org/packages/46/22/111e5be3b740d5c2a5bfcedb3d237b6591e5c2e82ae9d6ffcb121fe0909c/charset_normalizer-3.5.1-cp312-cp312-musllinux_1_2_armv7l.whl", hash = "sha256:5d8531a6569d025f68e2321e7638fb7978f23db58e5f69f56913837aae03816e", size = 232836, upload-time = "2026-08-15T08:17:21.895Z" },
    { url = "https://files.pythonhosted.org/packages/f9/d2/d2aad6fe0dbb44b194bf3becb60f5a0ac48446ade999a47fe7bb41eb09a7/charset_normalizer-3.5.1-cp312-cp312-musllinux_1_2_ppc64le.whl", hash = "sha256:aae2ee51122d3ae968a3837d97dc24a0aeebb0dea23694422cd172bd30017cd6", size = 262712, upload-time = "2026-08-15T08:17:23.727Z" },
    { url = "https://files.pythonhosted.org/packages/35/5a/337e4663a5eae6de99db940ee8066d4145caafb61327db62deda15313cce/charset_normalizer-3.5.1-cp312-cp312-musllinux_1_2_riscv64.whl", hash = "sha256:7235dc28fc6dd9d832ac7c7bce95367dedb85929f17368a0c2bee1e080b9acbf", size = 242977, upload-time = "2026-08-15T08:17:25.157Z" },
    { url = "https://files.pythonhosted.org/packages/ca/85/f82f8a92e31c7519410e2e1afdc630f28ec47490ce2c09a11c1a43cbb459/charset_normalizer-3.5.1-cp312-cp312-musllinux_1_2_s390x.whl", hash = "sha256:4abdc5f9ad448c1ecbfae2974b820535d6bc6e7eef63babbab3d81cf46968c71", size = 260207, upload-time = "2026-08-15T08:17:26.602Z" },
    { url = "https://files.pythonhosted.org/packages/b7/52/643d11ffd60e9ac2fd1fb87e167a19285b9eefeff4a40e63c87cbfbeab36/charset_normalizer-3.5.1-cp312-cp312-musllinux_1_2_x86_64.whl", hash = "sha256:ba501e667c17d8411f98e67a022d9604ef179aff0e459b7e292c796837c13573", size = 250562, upload-time = "2026-08-15T08:17:27.971Z" },
    { url = "https://files.pythonhosted.org/packages/62/16/46556278c2168d12df9da7fede5dc6fc70e60301b26a82bbeec238c9cfe3/charset_normalizer-3.5.1-cp312-cp312-win32.whl", hash = "sha256:cfa1c0cc3a8f9f53f1243a5a99ac36fd003880199383b37672e86ddda9cb07e2", size = 178507, upload-time = "2026-08-15T08:17:29.277Z" },
    { url = "https://files.pythonhosted.org/packages/9d/7a/4c6c298171e6b3e745633180ff59350fc0ca0db1ffd28df1e369e0579f71/charset_normalizer-3.5.1-cp312-cp312-win_amd64.whl", hash = "sha256:3617ac3cfd8b9888f145ad89dd6e692285834b0201c6074a5eeaad3fd4d668c2", size = 200551, upload-time = "2026-08-15T08:17:30.668Z" },
    { url = "https://files.pythonhosted.org/packages/cd/d7/eb95a042f0dd22e304b0b6472b154f3546a1a039a9ee89ccb2a7f61591fc/charset_normalizer-3.5.1-cp312-cp312-win_arm64.whl", hash = "sha256:88e85ab89cb822c1e635f51d6d32e488f94e002e70e2f492bdb8b945543f345a", size = 180700, upload-time = "2026-08-15T08:17:32.028Z" },
    { url = "https://files.pythonhosted.org/packages/bc/61/2cb6ad133dbbb449fa2d37ccae973232f4827e799af258d15e589a3d1e9e/charset_normalizer-3.5.1-cp313-cp313-android_24_arm64_v8a.whl", hash = "sha256:4f298bdadb8f0b9e5672877f647d1be9373ef5320c9e2f049795e26cad28b6a9", size = 211584, upload-time = "2026-08-15T08:17:33.597Z" },
    { url = "https://files.pythonhosted.org/packages/18/57/a305c968be1ca13f3dd1b32f445877e97addf55d80b65c7cb35fac82b777/charset_normalizer-3.5.1-cp313-cp313-android_24_x86_64.whl", hash = "sha256:88ca277405c2d3b71c4e1c2ee0e7966e807bcba86a69d11e19ba199d18ae4491", size = 223359, upload-time = "2026-08-15T08:17:35.022Z" },
    { url = "https://files.pythonhosted.org/packages/09/0a/d3646670292ce8d8f8cc11ac067d44885e697a5591f57a9221128da5e7b3/charset_normalizer-3.5.1-cp313-cp313-ios_13_0_arm64_iphoneos.whl", hash = "sha256:9362dd90aa7dab48c0054a21187791ccf05473f7dba5d92b8033ae62164675e7", size = 194464, upload-time = "2026-08-15T08:17:36.452Z" },
    { url = "https://files.pythonhosted.org/packages/de/93/d51ec556e01042fed6f993ea859311bc7917b466684182fbbceb6ca24762/charset_normalizer-3.5.1-cp313-cp313-ios_13_0_arm64_iphonesimulator.whl", hash = "sha256:977cdbd483a9cff38179bea4fd754289a6f2195c7abd414aba85410b3e66cc5e", size = 197676, upload-time = "2026-08-15T08:17:37.819Z" },
    { url = "https://files.pythonhosted.org/packages/a4/a0/562247944386f7d4ef94467e84876600cc1e0f1b93239aaa9213d2bc3cbd/charset_normalizer-3.5.1-cp313-cp313-macosx_10_13_universal2.whl", hash = "sha256:e90251c0c7bdd54a100a0dce3c07b7e637278c93af29dbf78ebb89a58c4bac7d", size = 340473, upload-time = "2026-08-15T08:17:39.303Z" },
    { url = "https://files.pythonhosted.org/packages/31/e7/1d994be1b93d41e9502b8b0460eaa88a1dd8df335df415db87d6c3e91ab2/charset_normalizer-3.5.1-cp313-cp313-manylinux2014_aarch64.manylinux_2_17_aarch64.manylinux_2_28_aarch64.whl", hash = "sha256:94d78ecec2605a8d0398b0f365d5f12a63248438516f5dac536a5eff7337df4a", size = 240156, upload-time = "2026-08-15T08:17:40.66Z" },
    { url = "https://files.pythonhosted.org/packages/09/53/27923ce5cc6cbccb832037b27dca98882d9c53e9b69e866bbbef4aae7fc8/charset_normalizer-3.5.1-cp313-cp313-manylinux2014_armv7l.manylinux_2_17_armv7l.manylinux_2_31_armv7l.whl", hash = "sha256:d59b75732e9b6f27388e10c14b0259cc5f2e48c78627d185e6a177b58ad3cffe", size = 228246, upload-time = "2026-08-15T08:17:42.003Z" },
    { url = "https://files.pythonhosted.org/packages/ce/48/5a97e84d63af1d55c07439cb80e56d99a8efb4295700eb4e18c0d1615d2c/charset_normalizer-3.5.1-cp313-cp313-manylinux2014_ppc64le.manylinux_2_17_ppc64le.manylinux_2_28_ppc64le.whl", hash = "sha256:0d929fc574b4d6fd9e7c0f5c2ede8716a41911923aa7fa5fce38e0818aa4a1ac", size = 263660, upload-time = "2026-08-15T08:17:43.627Z" },
    { url = "https://files.pythonhosted.org/packages/7a/c2/071575791dcc88316c0a9a65ce38897a82e4cfe4a325f0f7fe1b1ac47bcf/charset_normalizer-3.5.1-cp313-cp313-manylinux2014_s390x.manylinux_2_17_s390x.manylinux_2_28_s390x.whl", hash = "sha256:394fea06235c8543390050ed5f529187074b029fb027213f6c46ac11ab5d950e", size = 260354, upload-time = "2026-08-15T08:17:45.094Z" },
    { url = "https://files.pythonhosted.org/packages/fb/af/63240b0c0248c075c2535a1f1bd992821d8251b9f173abc13329661d09e4/charset_normalizer-3.5.1-cp313-cp313-manylinux2014_x86_64.manylinux_2_17_x86_64.manylinux_2_28_x86_64.whl", hash = "sha256:62b55f6722735a6c472f88361cde6640608773d9443cebdbb51abf436a1fcdd3", size = 250638, upload-time = "2026-08-15T08:17:46.496Z" },
    { url = "https://files.pythonhosted.org/packages/4d/66/70dfad64f15be09c15ccfee81330a7e515895dbe296dd23114e9a231268a/charset_normalizer-3.5.1-cp313-cp313-manylinux_2_31_riscv64.manylinux_2_39_riscv64.whl", hash = "sha256:fa48b1b63d639f9483e0633e092f5851e2348c352f1f9bb6c8182f87884ef876", size = 244583, upload-time = "2026-08-15T08:17:47.963Z" },
    { url = "https://files.pythonhosted.org/packages/c0/24/ef36367d38b9ddd4bccbf72888c342e8de1f5ae506fa0b2dcf970e2732a1/charset_normalizer-3.5.1-cp313-cp313-musllinux_1_2_aarch64.whl", hash = "sha256:c71fb0d56c920c269cd3e2e3fe7c610e3f1fdb21a6ce60efa6430ff63676cea6", size = 242038, upload-time = "2026-08-15T08:17:49.481Z" },
    { url = "https://files.pythonhosted.org/packages/db/ab/55e683ba0fff2e43adafc10daa3001eac90fdaa419a97227d5a7067eedde/charset_normalizer-3.5.1-cp313-cp313-musllinux_1_2_armv7l.whl", hash = "sha256:485a0d363cafefcd2538a73c7c838daa2035f09b2c9f9b5e3133f80c6aeb84c2", size = 233677, upload-time = "2026-08-15T08:17:50.845Z" },
    { url = "https://files.pythonhosted.org/packages/bd/67/0f40eaf8d1b6e7cf15e82382a2965efaca787fc1c2794b7021d37aaf5036/charset_normalizer-3.5.1-cp313-cp313-musllinux_1_2_ppc64le.whl", hash = "sha256:5c0ea61a470e070686aa30892fed79e297d2c8d0ab46b8bcdf027d38c51da591", size = 264491, upload-time = "2026-08-15T08:17:52.61Z" },
    { url = "https://files.pythonhosted.org/packages/5c/64/12b4c2a11ee8df4fcc518c78b0d93e3a92bd3d5253d1617ce74ff0e8c7ef/charset_normalizer-3.5.1-cp313-cp313-musllinux_1_2_riscv64.whl", hash = "sha256:90b7481fb62fbe172c558bc6fd1c4c98d82004a54a7551f20e11ac9bf0b8708c", size = 245196, upload-time = "2026-08-15T08:17:54.023Z" },
    { url = "https://files.pythonhosted.org/packages/37/2e/651d910af6d0fba325eee1cda37ec5443462ed25360e666c144166eb6091/charset_normalizer-3.5.1-cp313-cp313-musllinux_1_2_s390x.whl", hash = "sha256:35fe081843b35aad20ffeccec3eeffbe637b15d14f3fb22cc1b59cd8ec17e93c", size = 261660, upload-time = "2026-08-15T08:17:55.491Z" },
    { url = "https://files.pythonhosted.org/packages/90/c6/b09e05e6db7f64338e0dc067c79577b1138da86c1e38369096851d96be88/charset_normalizer-3.5.1-cp313-cp313-musllinux_1_2_x86_64.whl", hash = "sha256:fd0350afdc3aabd5576f60ea109228bd5538139713c7b094c5cd27c73a98bc6f", size = 252618, upload-time = "2026-08-15T08:17:57.025Z" },
    { url = "https://files.pythonhosted.org/packages/76/4e/362d4f9fdcdf5556fb2aa3ce7d4a58ebce03ed1ff03aa1d9aca8d02f13f3/charset_normalizer-3.5.1-cp313-cp313-pyemscripten_2025_0_wasm32.whl", hash = "sha256:9d9a0dc7cbe9bec24c3f767c9122c41fe5a1bc43f47cd099d00d393e09769de4", size = 140362, upload-time = "2026-08-15T08:17:58.425Z" },
    { url = "https://files.pythonhosted.org/packages/b4/d4/703be739b26acce318bd29eb3b25b7209e1b1f527f9eae3d1f1f01fdde2b/charset_normalizer-3.5.1-cp313-cp313-win32.whl", hash = "sha256:d63600d620ad0064c3a748b950ac5ea38a80190e5498532efefa4b7b3f1da1f3", size = 177755, upload-time = "2026-08-15T08:18:00.037Z" },
    { url = "https://files.pythonhosted.org/packages/8a/33/56d97ade41c8db611e727168c52ae46c9224c362ec28d4b65d7e9869e8da/charset_normalizer-3.5.1-cp313-cp313-win_amd64.whl", hash = "sha256:aea996a6aba25260827c9ea511d1addfde2da9eb686ac961838509086188b7e6", size = 199295, upload-time = "2026-08-15T08:18:01.506Z" },
    { url = "https://files.pythonhosted.org/packages/5b/75/5b20dd1e6573a01a08158fe104104fa2c8abf941745596954185726cd46c/charset_normalizer-3.5.1-cp313-cp313-win_arm64.whl", hash = "sha256:fd0a274c0e5f9a21565cd9d3dd749b61f96b7aa1e20a93aa1ba4029518f2e5c0", size = 179856, upload-time = "2026-08-15T08:18:02.929Z" },
    { url = "https://files.pythonhosted.org/packages/5b/97/fb4e82231aba271ffd775a1b4993b0defc4e3059f286ae41d9433409fe85/charset_normalizer-3.5.1-cp37-abi3-macosx_10_9_universal2.whl", hash = "sha256:41876ee62a3dddf48ff1121ad8f0798032aa03f2fd35f21f34a4cab14f18d8d2", size = 331467, upload-time = "2026-08-15T08:19:50.959Z" },
    { url = "https://files.pythonhosted.org/packages/9f/2f/fe3f187327aac18e2d54e9d2b08e15d27bf9b642d9e51c219f130fc34d1a/charset_normalizer-3.5.1-cp37-abi3-manylinux1_x86_64.manylinux_2_28_x86_64.manylinux_2_5_x86_64.whl", hash = "sha256:a6dac12ff6b846103483683f60c5f8fee205121adc58ffd87e90a90a3af69e99", size = 253057, upload-time = "2026-08-15T08:19:52.654Z" },
    { url = "https://files.pythonhosted.org/packages/d7/c7/9e48cee5c161fe24da823b61bf381921d77cb994a0a4de148e95018c1984/charset_normalizer-3.5.1-cp37-abi3-manylinux2014_aarch64.manylinux_2_17_aarch64.manylinux_2_28_aarch64.whl", hash = "sha256:cee5dd7c6fb5dd52a0fe2a740f9bc6e3593f5f8b1788bde49de02086f30182b2", size = 240930, upload-time = "2026-08-15T08:19:54.163Z" },
    { url = "https://files.pythonhosted.org/packages/49/e0/716601f3cc69be7b198951150c75ead1ece33c3c8036ff6ffa46029659a0/charset_normalizer-3.5.1-cp37-abi3-manylinux2014_armv7l.manylinux_2_17_armv7l.manylinux_2_31_armv7l.whl", hash = "sha256:343fb4f2821043bd87095f7b08a1a181febc8e36ac64212143bbfd0a0e1bc235", size = 230822, upload-time = "2026-08-15T08:19:55.807Z" },
    { url = "https://files.pythonhosted.org/packages/d3/05/71bfc5caa0abcc45aea1f6a4d50ac68e59605ddc7666fe8494f4cd229665/charset_normalizer-3.5.1-cp37-abi3-manylinux2014_ppc64le.manylinux_2_17_ppc64le.manylinux_2_28_ppc64le.whl", hash = "sha256:ae4a097991662cd4fff0ddc74e0fe7874f82e00042fa0ea00855645ed0c79598", size = 260037, upload-time = "2026-08-15T08:19:57.312Z" },
    { url = "https://files.pythonhosted.org/packages/c3/92/de7e32ed05341e7a9c4c877c318418197b7f2d66a3b68d561bf2ac57ca3e/charset_normalizer-3.5.1-cp37-abi3-manylinux2014_s390x.manylinux_2_17_s390x.manylinux_2_28_s390x.whl", hash = "sha256:4b599739b93b2cbeded49645ae3c8d1405c29ddfbceac1545c87a3f9580a9e96", size = 255097, upload-time = "2026-08-15T08:19:59.056Z" },
    { url = "https://files.pythonhosted.org/packages/f5/7b/ade0a122600319dfa0b1000ab0f9731c94a817904cf3c5de408c73a4ede7/charset_normalizer-3.5.1-cp37-abi3-manylinux_2_31_riscv64.manylinux_2_39_riscv64.whl", hash = "sha256:b39b69b347e5e47a3b5b8cfc005c68c1ba347474e3960236c4944a8ecd174962", size = 250166, upload-time = "2026-08-15T08:20:00.612Z" },
    { url = "https://files.pythonhosted.org/packages/75/9c/019fbb9f4834491a160951349b1a3714439376f66e5f7cf18b4f18f0c7aa/charset_normalizer-3.5.1-cp37-abi3-musllinux_1_2_aarch64.whl", hash = "sha256:a2028475ba855475b8b4d3cfeb4994269c967aea8b9892dfba907f4263a863a3", size = 241821, upload-time = "2026-08-15T08:20:02.321Z" },
    { url = "https://files.pythonhosted.org/packages/2b/b8/11d4840bfc99330cc7fbcc2681ee5a044553a6e77655508d8f9b2bff7b34/charset_normalizer-3.5.1-cp37-abi3-musllinux_1_2_armv7l.whl", hash = "sha256:36047af20e17097c3bb9476c2b7655f2f7aa51322c0ba58c07695bedf755a950", size = 232529, upload-time = "2026-08-15T08:20:04.008Z" },
    { url = "https://files.pythonhosted.org/packages/18/96/2b3a21492d9f65171ac75d872f5018260013d00bfa0ff70ec9f179148cbd/charset_normalizer-3.5.1-cp37-abi3-musllinux_1_2_ppc64le.whl", hash = "sha256:4c4fb141a727957c93edfe5c32a26ceb6b5f6461d67146e2d39f51e16170bea8", size = 260348, upload-time = "2026-08-15T08:20:05.877Z" },
    { url = "https://files.pythonhosted.org/packages/d6/aa/a69a2028e8bd052476c245460ab19d7de595de084dd968f2d75cd50c3e25/charset_normalizer-3.5.1-cp37-abi3-musllinux_1_2_riscv64.whl", hash = "sha256:2f293479cce755c75f1697e87c409b7ae4c555c7dfecb6e988ad13abba943031", size = 247234, upload-time = "2026-08-15T08:20:07.487Z" },
    { url = "https://files.pythonhosted.org/packages/35/8a/3d130aeabcaf3d2466af76b7b141c08d9e89c9016ab4b7cdd0f7dc2d1c62/charset_normalizer-3.5.1-cp37-abi3-musllinux_1_2_s390x.whl", hash = "sha256:3588e376b3ea2eea84976f67273d679f229e24c66dce7b82ae45aef04ff6e072", size = 256917, upload-time = "2026-08-15T08:20:09.142Z" },
    { url = "https://files.pythonhosted.org/packages/80/c2/a7379b840292d0c1ab9fbd17d1f3967aa81794dc95bc74be8999d7fedcf7/charset_normalizer-3.5.1-cp37-abi3-musllinux_1_2_x86_64.whl", hash = "sha256:e199fb99720074809a7720f1c0b4d919eea8b87e88713e0f8f602f7bef543d9d", size = 254846, upload-time = "2026-08-15T08:20:10.727Z" },
    { url = "https://files.pythonhosted.org/packages/01/65/d43b714731bb2f40d4053dfa00ecfc1c5a301f8e3316c5db3a09af59fe94/charset_normalizer-3.5.1-cp37-abi3-win32.whl", hash = "sha256:dd732602a7009217f658d5863d12d79d373a4de0eebc111094bcdd3bb8e0a6cc", size = 174216, upload-time = "2026-08-15T08:20:12.334Z" },
    { url = "https://files.pythonhosted.org/packages/35/4f/b911ed898b26a09789eba9c9200c999aff6c61b4bafaf4838e56d1a1e1a3/charset_normalizer-3.5.1-cp37-abi3-win_amd64.whl", hash = "sha256:70055ff39b97c99e7ae40ea3e393fb62aa2e44dbd9b29f8d14f42fb0025c3959", size = 199764, upload-time = "2026-08-15T08:20:13.908Z" },
    { url = "https://files.pythonhosted.org/packages/f0/a7/920baf467bfd9bf689f3b318340f37aee4572a71f162bd8db51da55ba4fa/charset_normalizer-3.5.1-cp37-abi3-win_arm64.whl", hash = "sha256:87e4f41d375c0b9be2fb5251aee4b8a689169e134535aed81bf085c3b647451e", size = 287318, upload-time = "2026-08-15T08:20:15.551Z" },
    { url = "https://files.pythonhosted.org/packages/cc/61/d01fc49b8dea277640b55a9e15960dbca9fdc8c9fde18e572d39c59f4019/charset_normalizer-3.5.1-py3-none-any.whl", hash = "sha256:6df0ec430f9a831772c23ca5a224cba36517a58a84bb32c32bb59a9fa67c47f6", size = 68658, upload-time = "2026-08-15T08:20:43.306Z" },
]

[[package]]
name = "easygui"
version = "0.98.3"
source = { registry = "https://pypi.org/simple" }
sdist = { url = "https://files.pythonhosted.org/packages/cc/ad/e35f7a30272d322be09dc98592d2f55d27cc933a7fde8baccbbeb2bd9409/easygui-0.98.3.tar.gz", hash = "sha256:d653ff79ee1f42f63b5a090f2f98ce02335d86ad8963b3ce2661805cafe99a04", size = 85583, upload-time = "2022-04-01T13:15:50.752Z" }
wheels = [
    { url = "https://files.pythonhosted.org/packages/8e/a7/b276ff776533b423710a285c8168b52551cb2ab0855443131fdc7fd8c16f/easygui-0.98.3-py2.py3-none-any.whl", hash = "sha256:33498710c68b5376b459cd3fc48d1d1f33822139eb3ed01defbc0528326da3ba", size = 92655, upload-time = "2022-04-01T13:15:49.568Z" },
]

[[package]]
name = "et-xmlfile"
version = "2.0.0"
source = { registry = "https://pypi.org/simple" }
sdist = { url = "https://files.pythonhosted.org/packages/d3/38/af70d7ab1ae9d4da450eeec1fa3918940a5fafb9055e934af8d6eb0c2313/et_xmlfile-2.0.0.tar.gz", hash = "sha256:dab3f4764309081ce75662649be815c4c9081e88f0837825f90fd28317d4da54", size = 17234, upload-time = "2024-10-25T17:25:40.039Z" }
wheels = [
    { url = "https://files.pythonhosted.org/packages/c1/8b/5fe2cc11fee489817272089c4203e679c63b570a5aaeb18d852ae3cbba6a/et_xmlfile-2.0.0-py3-none-any.whl", hash = "sha256:7a91720bc756843502c3b7504c77b8fe44217c85c537d85037f0f536151b2caa", size = 18059, upload-time = "2024-10-25T17:25:39.051Z" },
]

[[package]]
name = "idna"
version = "3.19"
source = { registry = "https://pypi.org/simple" }
sdist = { url = "https://files.pythonhosted.org/packages/5f/f7/abb373e5757eaec4b922b92f97ec8d6d7e057cf06778247604fbc4e7c3f3/idna-3.19.tar.gz", hash = "sha256:5e0811a4383b21dc5838069f801c4fb62113b7447663d2530d2bd6e77b49bf15", size = 215237, upload-time = "2026-08-18T05:14:24.27Z" }
wheels = [
    { url = "https://files.pythonhosted.org/packages/57/b0/0e52c878c53f245edd3a11020f20979b3f490f245af532c7cae3027754b5/idna-3.19-py3-none-any.whl", hash = "sha256:815e7be7a7806d54abb586dc943addc79e8b2ee16915059658cbeff4b1b43bf4", size = 68550, upload-time = "2026-08-18T05:14:22.343Z" },
]

[[package]]
name = "openpyxl"
version = "3.1.5"
source = { registry = "https://pypi.org/simple" }
dependencies = [
    { name = "et-xmlfile" },
]
sdist = { url = "https://files.pythonhosted.org/packages/3d/f9/88d94a75de065ea32619465d2f77b29a0469500e99012523b91cc4141cd1/openpyxl-3.1.5.tar.gz", hash = "sha256:cf0e3cf56142039133628b5acffe8ef0c12bc902d2aadd3e0fe5878dc08d1050", size = 186464, upload-time = "2024-06-28T14:03:44.161Z" }
wheels = [
    { url = "https://files.pythonhosted.org/packages/c0/da/977ded879c29cbd04de313843e76868e6e13408a94ed6b987245dc7c8506/openpyxl-3.1.5-py2.py3-none-any.whl", hash = "sha256:5282c12b107bffeef825f4617dc029afaf41d0ea60823bbb665ef3079dc79de2", size = 250910, upload-time = "2024-06-28T14:03:41.161Z" },
]

[[package]]
name = "requests"
version = "2.34.2"
source = { registry = "https://pypi.org/simple" }
dependencies = [
    { name = "certifi" },
    { name = "charset-normalizer" },
    { name = "idna" },
    { name = "urllib3" },
]
sdist = { url = "https://files.pythonhosted.org/packages/ac/c3/e2a2b89f2d3e2179abd6d00ebd70bff6273f37fb3e0cc209f48b39d00cbf/requests-2.34.2.tar.gz", hash = "sha256:f288924cae4e29463698d6d60bc6a4da69c89185ad1e0bcc4104f584e960b9ed", size = 142856, upload-time = "2026-05-14T19:25:27.735Z" }
wheels = [
    { url = "https://files.pythonhosted.org/packages/a0/f4/c67b0b3f1b9245e8d266f0f112c500d50e5b4e83cb6f3b71b6528104182a/requests-2.34.2-py3-none-any.whl", hash = "sha256:2a0d60c172f83ac6ab31e4554906c0f3b3588d37b5cb939b1c061f4907e278e0", size = 73075, upload-time = "2026-05-14T19:25:26.443Z" },
]

[[package]]
name = "smart-cr"
version = "0.1.0"
source = { virtual = "." }
dependencies = [
    { name = "easygui" },
    { name = "openpyxl" },
    { name = "requests" },
    { name = "winrt-windows-data-xml-dom" },
    { name = "winrt-windows-ui-notifications" },
]

[package.metadata]
requires-dist = [
    { name = "easygui", specifier = ">=0.98.3" },
    { name = "openpyxl", specifier = ">=3.1.5" },
    { name = "requests", specifier = ">=2.34.2" },
    { name = "winrt-windows-data-xml-dom", specifier = ">=2.0.0" },
    { name = "winrt-windows-ui-notifications", specifier = ">=2.0.0" },
]

[[package]]
name = "typing-extensions"
version = "4.16.0"
source = { registry = "https://pypi.org/simple" }
sdist = { url = "https://files.pythonhosted.org/packages/f6/cc/6253133b5bb138fc3306cebfbda2c520f545d36b5be2c7255cc528bb45d6/typing_extensions-4.16.0.tar.gz", hash = "sha256:dc983d19a509c94dba722ee6abd33940f7c05a89e243c47e907eb4db6f1a43e5", size = 113555, upload-time = "2026-07-02T08:40:05.92Z" }
wheels = [
    { url = "https://files.pythonhosted.org/packages/49/d3/b8441a820a491ddfc024b0b0cf0393375b75ea13866d9c66727e54c2fc80/typing_extensions-4.16.0-py3-none-any.whl", hash = "sha256:481caa481374e813c1b176ada14e97f1f67a4539ce9cfeb3f350d78d6370c2e8", size = 45571, upload-time = "2026-07-02T08:40:04.659Z" },
]

[[package]]
name = "urllib3"
version = "2.7.0"
source = { registry = "https://pypi.org/simple" }
sdist = { url = "https://files.pythonhosted.org/packages/53/0c/06f8b233b8fd13b9e5ee11424ef85419ba0d8ba0b3138bf360be2ff56953/urllib3-2.7.0.tar.gz", hash = "sha256:231e0ec3b63ceb14667c67be60f2f2c40a518cb38b03af60abc813da26505f4c", size = 433602, upload-time = "2026-05-07T16:13:18.596Z" }
wheels = [
    { url = "https://files.pythonhosted.org/packages/7f/3e/5db95bcf282c52709639744ca2a8b149baccf648e39c8cc87553df9eae0c/urllib3-2.7.0-py3-none-any.whl", hash = "sha256:9fb4c81ebbb1ce9531cce37674bbc6f1360472bc18ca9a553ede278ef7276897", size = 131087, upload-time = "2026-05-07T16:13:17.151Z" },
]

[[package]]
name = "winrt-runtime"
version = "3.2.1"
source = { registry = "https://pypi.org/simple" }
dependencies = [
    { name = "typing-extensions" },
]
sdist = { url = "https://files.pythonhosted.org/packages/16/dd/acdd527c1d890c8f852cc2af644aa6c160974e66631289420aa871b05e65/winrt_runtime-3.2.1.tar.gz", hash = "sha256:c8dca19e12b234ae6c3dadf1a4d0761b51e708457492c13beb666556958801ea", size = 21721, upload-time = "2025-06-06T14:40:27.593Z" }
wheels = [
    { url = "https://files.pythonhosted.org/packages/90/8d/d7ae0e07cd85c7768de76e8578261854f2af72bd3a8a527bb675e8ae0eda/winrt_runtime-3.2.1-cp311-cp311-win32.whl", hash = "sha256:9e9b64f1ba631cc4b9fe60b8ff16fef3f32c7ce2fcc84735a63129ff8b15c022", size = 210798, upload-time = "2025-06-06T06:44:04.775Z" },
    { url = "https://files.pythonhosted.org/packages/ac/66/d05f6e6c0517654734e7f87fa1f0fbc965add9f27cc36b524d96331ab3d8/winrt_runtime-3.2.1-cp311-cp311-win_amd64.whl", hash = "sha256:c0a9046ae416808420a358c51705af8ae100acd40bc578be57ddfdd51cbb0f9c", size = 242032, upload-time = "2025-06-06T06:44:06.103Z" },
    { url = "https://files.pythonhosted.org/packages/39/a5/760c8396110f6d3e4c417752da1a2bf3b89e0998329c2f10afc717ef6291/winrt_runtime-3.2.1-cp311-cp311-win_arm64.whl", hash = "sha256:e94f3cb40ea2d723c44c82c16d715c03c6b3bd977d135b49535fdd5415fd9130", size = 415659, upload-time = "2025-06-06T06:44:07.007Z" },
    { url = "https://files.pythonhosted.org/packages/d3/54/3dd06f2341fab6abb06588a16b30e0b213b0125be7b79dafc3bdba3b334a/winrt_runtime-3.2.1-cp312-cp312-win32.whl", hash = "sha256:762b3d972a2f7037f7db3acbaf379dd6d8f6cda505f71f66c6b425d1a1eae2f1", size = 210090, upload-time = "2025-06-06T06:44:08.151Z" },
    { url = "https://files.pythonhosted.org/packages/ca/a1/1d7248d5c62ccbea5f3e0da64ca4529ce99c639c3be2485b6ed709f5c740/winrt_runtime-3.2.1-cp312-cp312-win_amd64.whl", hash = "sha256:06510db215d4f0dc45c00fbb1251c6544e91742a0ad928011db33b30677e1576", size = 241391, upload-time = "2025-06-06T06:44:09.442Z" },
    { url = "https://files.pythonhosted.org/packages/8a/ae/6a205d8dafc79f7c242be7f940b1e0c1971fd64ab3079bda4b514aa3d714/winrt_runtime-3.2.1-cp312-cp312-win_arm64.whl", hash = "sha256:14562c29a087ccad38e379e585fef333e5c94166c807bdde67b508a6261aa195", size = 415242, upload-time = "2025-06-06T06:44:10.407Z" },
    { url = "https://files.pythonhosted.org/packages/79/d4/1a555d8bdcb8b920f8e896232c82901cc0cda6d3e4f92842199ae7dff70a/winrt_runtime-3.2.1-cp313-cp313-win32.whl", hash = "sha256:44e2733bc709b76c554aee6c7fe079443b8306b2e661e82eecfebe8b9d71e4d1", size = 210022, upload-time = "2025-06-06T06:44:11.767Z" },
    { url = "https://files.pythonhosted.org/packages/aa/24/2b6e536ca7745d788dfd17a2ec376fa03a8c7116dc638bb39b035635484f/winrt_runtime-3.2.1-cp313-cp313-win_amd64.whl", hash = "sha256:3c1fdcaeedeb2920dc3b9039db64089a6093cad2be56a3e64acc938849245a6d", size = 241349, upload-time = "2025-06-06T06:44:12.661Z" },
    { url = "https://files.pythonhosted.org/packages/d4/7f/6d72973279e2929b2a71ed94198ad4a5d63ee2936e91a11860bf7b431410/winrt_runtime-3.2.1-cp313-cp313-win_arm64.whl", hash = "sha256:28f3dab083412625ff4d2b46e81246932e6bebddf67bea7f05e01712f54e6159", size = 415126, upload-time = "2025-06-06T06:44:13.702Z" },
]

[[package]]
name = "winrt-windows-data-xml-dom"
version = "3.2.1"
source = { registry = "https://pypi.org/simple" }
dependencies = [
    { name = "winrt-runtime" },
]
sdist = { url = "https://files.pythonhosted.org/packages/cc/11/6b1e59abf5f8f0cba1fee13447c9d077d144332b9b664bb236fdfa878558/winrt_windows_data_xml_dom-3.2.1.tar.gz", hash = "sha256:db81f5956bf63ce8c9d8bfb6d0794ab2849f26e62a6256b833af8de3d6451399", size = 50032, upload-time = "2025-06-06T14:41:15.877Z" }
wheels = [
    { url = "https://files.pythonhosted.org/packages/82/c4/7d068980b5d6865b0b91a2d4de151e7b6dbd2f5e154737fd83a4e88cca05/winrt_windows_data_xml_dom-3.2.1-cp311-cp311-win32.whl", hash = "sha256:50e09bff8652adacb91115d5c6ff6372f4c9c9d277d63b5e4d3958b8c34420cf", size = 157996, upload-time = "2025-06-06T06:58:52.051Z" },
    { url = "https://files.pythonhosted.org/packages/9c/37/41a4d70ed6b8b30d8e4571540fde2d6d9a476260fa951567979d2e36eb84/winrt_windows_data_xml_dom-3.2.1-cp311-cp311-win_amd64.whl", hash = "sha256:a507631812307ad65d8928a382ac2b9f21b81627db11410570e6686951e0dc55", size = 188944, upload-time = "2025-06-06T06:58:52.981Z" },
    { url = "https://files.pythonhosted.org/packages/6e/65/6fdf6c8f214ef0fe778018d3fa0e2b37e5cdb0a0ac5a563b401d7f58ae61/winrt_windows_data_xml_dom-3.2.1-cp311-cp311-win_arm64.whl", hash = "sha256:0d8ed4093792d207e8961bd50665374e15b49d8f7a274369257e4ad93e0731a5", size = 160759, upload-time = "2025-06-06T06:58:53.799Z" },
    { url = "https://files.pythonhosted.org/packages/e8/f6/215e54dce3099507d2a1009792d32555ec1354bfb43cb3431e7389ec3dda/winrt_windows_data_xml_dom-3.2.1-cp312-cp312-win32.whl", hash = "sha256:be2e9edbc4702c0cfd88ae48260b55bb30ee3e15c86c6c4240aaf4f2c54ff380", size = 158777, upload-time = "2025-06-06T06:58:54.755Z" },
    { url = "https://files.pythonhosted.org/packages/9f/f0/b44bdce659118fb684a45f6c4e4932cb7356883079b7ce284352433ecf3f/winrt_windows_data_xml_dom-3.2.1-cp312-cp312-win_amd64.whl", hash = "sha256:b531a61a30106ecc7c7b3ad8f1b22e98d8366bbc2c60c47f5053fe62479109d6", size = 186784, upload-time = "2025-06-06T06:58:55.672Z" },
    { url = "https://files.pythonhosted.org/packages/78/57/cbd053f01b0a50073e4b6e92d1d1e97e992a8cd7dea3dd9afc35a19f5e57/winrt_windows_data_xml_dom-3.2.1-cp312-cp312-win_arm64.whl", hash = "sha256:0b3eed7fd618d0bfbafea730bbcb24cb6a94dcd742b2b9c7d5d66319494e5f35", size = 160634, upload-time = "2025-06-06T06:58:56.589Z" },
    { url = "https://files.pythonhosted.org/packages/ad/3f/682185135537c99629663935155c2332bc500553a2f6aad134deadd2c2d3/winrt_windows_data_xml_dom-3.2.1-cp313-cp313-win32.whl", hash = "sha256:7091ee8d472a18336887edee6bf90d9261783f82b1a0fec00ba0e6a1a00623eb", size = 158825, upload-time = "2025-06-06T06:58:57.484Z" },
    { url = "https://files.pythonhosted.org/packages/e6/02/89057b180a2dda10af0ae8a256180e7f6ec8f688b547501a89a36c72c4e4/winrt_windows_data_xml_dom-3.2.1-cp313-cp313-win_amd64.whl", hash = "sha256:b51b67c0bf88995827151d4e8ff0edcb2120406d4aedcb9574854b904b92a11f", size = 186818, upload-time = "2025-06-06T06:58:58.368Z" },
    { url = "https://files.pythonhosted.org/packages/e5/aa/9894e19b34275307e4857ea3ada1d230bcdc7e399ce0ae504c6309c7e55d/winrt_windows_data_xml_dom-3.2.1-cp313-cp313-win_arm64.whl", hash = "sha256:e4ed27ec593b96bcd13fffd9fd0bf74744b0dacc249faa5af0ef1d903ed59c1b", size = 160670, upload-time = "2025-06-06T06:58:59.225Z" },
]

[[package]]
name = "winrt-windows-ui-notifications"
version = "3.2.1"
source = { registry = "https://pypi.org/simple" }
dependencies = [
    { name = "winrt-runtime" },
]
sdist = { url = "https://files.pythonhosted.org/packages/fc/f9/4798657fd6999e6dae2c84876b40e91873ccd5f056b27c40ebd7f4ff11d8/winrt_windows_ui_notifications-3.2.1.tar.gz", hash = "sha256:eb29bf1c3306f3ceabd71d092b5505d5fe73fbc0660347dcc63ebc4204d34d21", size = 28942, upload-time = "2025-06-06T14:43:54.629Z" }
wheels = [
    { url = "https://files.pythonhosted.org/packages/c0/15/1f4a332781b8818c9cc7f8c985b57448e5d371bf57dcef765a2fa990d4db/winrt_windows_ui_notifications-3.2.1-cp311-cp311-win32.whl", hash = "sha256:ad2bbdde0529766b2c4866204c0a7dedea0666fab8ec4c971824f2c1f40e90c6", size = 154334, upload-time = "2025-06-06T14:11:45.042Z" },
    { url = "https://files.pythonhosted.org/packages/5e/37/fa18f6aa07fb9a00c57aec369f6e59877c76e26625ec0ca82cc2514c87a2/winrt_windows_ui_notifications-3.2.1-cp311-cp311-win_amd64.whl", hash = "sha256:61ee8904ca17681c3e96fcf40bc115b8e1efe72c460e6df34b47eb254343018a", size = 167688, upload-time = "2025-06-06T14:11:45.932Z" },
    { url = "https://files.pythonhosted.org/packages/6f/02/ecc9721108bf4518028dc185b8eb95d598e1b1c808e562b1e78c11687925/winrt_windows_ui_notifications-3.2.1-cp311-cp311-win_arm64.whl", hash = "sha256:db2dbf9dc6b836575f94a1fe165ac184d841ba5aeaed6870a3fe68367341cef3", size = 155009, upload-time = "2025-06-06T14:11:46.94Z" },
    { url = "https://files.pythonhosted.org/packages/73/ae/d495b602154ee70ede2baf3fdb1c60703a581f678e1acc70089a3bdc7d60/winrt_windows_ui_notifications-3.2.1-cp312-cp312-win32.whl", hash = "sha256:041643bd83762900cdd5704a6e08f886879f78952cfc9834b184ee81df924d72", size = 154616, upload-time = "2025-06-06T14:11:47.788Z" },
    { url = "https://files.pythonhosted.org/packages/f7/68/0775e390275cc8fcbd0515eed51e43d78562bfa5d647454e3c8992c2ac8c/winrt_windows_ui_notifications-3.2.1-cp312-cp312-win_amd64.whl", hash = "sha256:7f2378246f6db14d16bf93830f1bcd8efa1c5b4c740878ad86d2f482fb08feab", size = 165782, upload-time = "2025-06-06T14:11:49.905Z" },
    { url = "https://files.pythonhosted.org/packages/d2/fa/09e304022e0ccb4816b27627b04783526e496fe84fd84fade79465b8ad2f/winrt_windows_ui_notifications-3.2.1-cp312-cp312-win_arm64.whl", hash = "sha256:e7eda8cb11a1e82d2da87b2b98cbf73ce153417cb93debe95c739534c6dbde7c", size = 155243, upload-time = "2025-06-06T14:11:51.225Z" },
    { url = "https://files.pythonhosted.org/packages/ab/34/eee24f0ff5522ff3d9c91c983c706fc2a06ed78a5aa84dd9b9fe51125b78/winrt_windows_ui_notifications-3.2.1-cp313-cp313-win32.whl", hash = "sha256:cff07f0193365c38a07cf87030c609b57b7ca7fcbf8740c720425edfa6205fa8", size = 154502, upload-time = "2025-06-06T14:11:52.135Z" },
    { url = "https://files.pythonhosted.org/packages/14/7c/8163639827003c411787d6f6f682e543206ecb47abd29291d184006b5834/winrt_windows_ui_notifications-3.2.1-cp313-cp313-win_amd64.whl", hash = "sha256:9f8d109c8c6634dac258a32d7f3d939aa50605bd7a6a43137a3ffc2ab4a8f667", size = 165795, upload-time = "2025-06-06T14:11:53.004Z" },
    { url = "https://files.pythonhosted.org/packages/0d/10/89012eeb14b932eb3f0ac541d8788d794e09f8fe1934fdae1760d0cbd252/winrt_windows_ui_notifications-3.2.1-cp313-cp313-win_arm64.whl", hash = "sha256:aec78f6a632e2ae57a55b7aee60f8df848ccffd1c4d14c3c9fbfaa6bb564e1a2", size = 155184, upload-time = "2025-06-06T14:11:53.863Z" },
]
